// !$*UTF8*$!
{
	archiveVersion = 1;
	classes = {
	};
	objectVersion = 51;
	objects = {

/* Begin PBXBuildFile section */
		7AEBDB01025068B1478B1DBE /* Pods_PEPUP_iOS.framework in Frameworks */ = {isa = PBXBuildFile; fileRef = B58BC0CA3A889CCCEFFECCEA /* Pods_PEPUP_iOS.framework */; };
		E90E84EE242215C100C215CB /* GoogleService-Info.plist in Resources */ = {isa = PBXBuildFile; fileRef = E90E84ED242215C100C215CB /* GoogleService-Info.plist */; };
		E90E84F024226E7900C215CB /* ChatModel.swift in Sources */ = {isa = PBXBuildFile; fileRef = E90E84EF24226E7900C215CB /* ChatModel.swift */; };
		E90E84F2242334DD00C215CB /* NotiActivityCell.swift in Sources */ = {isa = PBXBuildFile; fileRef = E90E84F1242334DD00C215CB /* NotiActivityCell.swift */; };
		E90E84F42423351E00C215CB /* NotiPurchasedCell.swift in Sources */ = {isa = PBXBuildFile; fileRef = E90E84F32423351E00C215CB /* NotiPurchasedCell.swift */; };
		E90E84F62423378400C215CB /* NotiCell.swift in Sources */ = {isa = PBXBuildFile; fileRef = E90E84F52423378400C215CB /* NotiCell.swift */; };
		E90E84F8242337CC00C215CB /* CustomNotiBar.swift in Sources */ = {isa = PBXBuildFile; fileRef = E90E84F7242337CC00C215CB /* CustomNotiBar.swift */; };
		E90E84FA2423D64100C215CB /* PurchasedVC.swift in Sources */ = {isa = PBXBuildFile; fileRef = E90E84F92423D64100C215CB /* PurchasedVC.swift */; };
		E90E84FC2423E89800C215CB /* PurchasedMainCell.swift in Sources */ = {isa = PBXBuildFile; fileRef = E90E84FB2423E89800C215CB /* PurchasedMainCell.swift */; };
		E90E84FE2427773700C215CB /* SoldVC.swift in Sources */ = {isa = PBXBuildFile; fileRef = E90E84FD2427773700C215CB /* SoldVC.swift */; };
		E90E85002427776800C215CB /* NotiSoldCell.swift in Sources */ = {isa = PBXBuildFile; fileRef = E90E84FF2427776800C215CB /* NotiSoldCell.swift */; };
		E90E85022427781B00C215CB /* SoldMainCell.swift in Sources */ = {isa = PBXBuildFile; fileRef = E90E85012427781B00C215CB /* SoldMainCell.swift */; };
		E90E850424278CA100C215CB /* DeliveryVC.swift in Sources */ = {isa = PBXBuildFile; fileRef = E90E850324278CA100C215CB /* DeliveryVC.swift */; };
		E90E850A2428B52F00C215CB /* ReviewVC.swift in Sources */ = {isa = PBXBuildFile; fileRef = E90E85092428B52F00C215CB /* ReviewVC.swift */; };
		E90E850C2429F74700C215CB /* MyStoreReviewCell.swift in Sources */ = {isa = PBXBuildFile; fileRef = E90E850B2429F74700C215CB /* MyStoreReviewCell.swift */; };
		E90E850E242A088400C215CB /* StoreReviewCell.swift in Sources */ = {isa = PBXBuildFile; fileRef = E90E850D242A088400C215CB /* StoreReviewCell.swift */; };
		E90E8510242A3A4400C215CB /* ReviewSelectVC.swift in Sources */ = {isa = PBXBuildFile; fileRef = E90E850F242A3A4400C215CB /* ReviewSelectVC.swift */; };
		E90E8512242B1FF700C215CB /* SettingCell.swift in Sources */ = {isa = PBXBuildFile; fileRef = E90E8511242B1FF600C215CB /* SettingCell.swift */; };
		E90E8514242B33A000C215CB /* NoticeVC.swift in Sources */ = {isa = PBXBuildFile; fileRef = E90E8513242B33A000C215CB /* NoticeVC.swift */; };
		E90E8516242B348D00C215CB /* StoreSettingVC.swift in Sources */ = {isa = PBXBuildFile; fileRef = E90E8515242B348D00C215CB /* StoreSettingVC.swift */; };
		E90E8518242B34DC00C215CB /* SupportVC.swift in Sources */ = {isa = PBXBuildFile; fileRef = E90E8517242B34DC00C215CB /* SupportVC.swift */; };
		E90E8520242BAFE000C215CB /* NoticeCell.swift in Sources */ = {isa = PBXBuildFile; fileRef = E90E851F242BAFE000C215CB /* NoticeCell.swift */; };
		E90E8522242BB21C00C215CB /* NoticeMainVC.swift in Sources */ = {isa = PBXBuildFile; fileRef = E90E8521242BB21C00C215CB /* NoticeMainVC.swift */; };
		E90E8524242C458200C215CB /* UseTermsVC.swift in Sources */ = {isa = PBXBuildFile; fileRef = E90E8523242C458200C215CB /* UseTermsVC.swift */; };
		E90E8526242C459100C215CB /* PrivacyPolicyVC.swift in Sources */ = {isa = PBXBuildFile; fileRef = E90E8525242C459100C215CB /* PrivacyPolicyVC.swift */; };
		E932135323E1B9D800503CA8 /* HomeCell.swift in Sources */ = {isa = PBXBuildFile; fileRef = E932135223E1B9D800503CA8 /* HomeCell.swift */; };
		E932135523E1BA1000503CA8 /* BaseCollectionViewCell.swift in Sources */ = {isa = PBXBuildFile; fileRef = E932135423E1BA1000503CA8 /* BaseCollectionViewCell.swift */; };
		E932135B23E26F7200503CA8 /* FollowVC.swift in Sources */ = {isa = PBXBuildFile; fileRef = E932135A23E26F7200503CA8 /* FollowVC.swift */; };
		E932135D23E26FC400503CA8 /* FollowCell.swift in Sources */ = {isa = PBXBuildFile; fileRef = E932135C23E26FC400503CA8 /* FollowCell.swift */; };
		E94D142623E82A570001F3A0 /* FindIdVC.swift in Sources */ = {isa = PBXBuildFile; fileRef = E94D142523E82A570001F3A0 /* FindIdVC.swift */; };
		E94D142823E82A640001F3A0 /* FindPwdVC.swift in Sources */ = {isa = PBXBuildFile; fileRef = E94D142723E82A640001F3A0 /* FindPwdVC.swift */; };
		E94D142A23E91EC40001F3A0 /* NickNameVC.swift in Sources */ = {isa = PBXBuildFile; fileRef = E94D142923E91EC40001F3A0 /* NickNameVC.swift */; };
		E94D142C23E9223F0001F3A0 /* ProfileVC.swift in Sources */ = {isa = PBXBuildFile; fileRef = E94D142B23E9223F0001F3A0 /* ProfileVC.swift */; };
		E968FF0223EB1D8A00B2B1D3 /* FindPwdResetVC.swift in Sources */ = {isa = PBXBuildFile; fileRef = E968FF0123EB1D8A00B2B1D3 /* FindPwdResetVC.swift */; };
		E968FF0423EC478200B2B1D3 /* Config.swift in Sources */ = {isa = PBXBuildFile; fileRef = E968FF0323EC478200B2B1D3 /* Config.swift */; };
		E968FF0623F13FE600B2B1D3 /* MessageVC.swift in Sources */ = {isa = PBXBuildFile; fileRef = E968FF0523F13FE600B2B1D3 /* MessageVC.swift */; };
		E968FF1223F5139000B2B1D3 /* CartVC.swift in Sources */ = {isa = PBXBuildFile; fileRef = E968FF1123F5139000B2B1D3 /* CartVC.swift */; };
		E968FF1423F513BB00B2B1D3 /* CartCell.swift in Sources */ = {isa = PBXBuildFile; fileRef = E968FF1323F513BB00B2B1D3 /* CartCell.swift */; };
		E9C8467023E1A5D200359A93 /* AppDelegate.swift in Sources */ = {isa = PBXBuildFile; fileRef = E9C8466F23E1A5D200359A93 /* AppDelegate.swift */; };
		E9C8467723E1A5D200359A93 /* Main.storyboard in Resources */ = {isa = PBXBuildFile; fileRef = E9C8467523E1A5D200359A93 /* Main.storyboard */; };
		E9C8467A23E1A5D200359A93 /* PEPUP_iOS.xcdatamodeld in Sources */ = {isa = PBXBuildFile; fileRef = E9C8467823E1A5D200359A93 /* PEPUP_iOS.xcdatamodeld */; };
		E9C8467C23E1A5D500359A93 /* Assets.xcassets in Resources */ = {isa = PBXBuildFile; fileRef = E9C8467B23E1A5D500359A93 /* Assets.xcassets */; };
		E9C8468723E1A77300359A93 /* TabBarController.swift in Sources */ = {isa = PBXBuildFile; fileRef = E9C8468623E1A77300359A93 /* TabBarController.swift */; };
		E9C8468923E1A89E00359A93 /* HomeVC.swift in Sources */ = {isa = PBXBuildFile; fileRef = E9C8468823E1A89E00359A93 /* HomeVC.swift */; };
		E9CBF56F242D9F4400A058F7 /* SupportOtherCell.swift in Sources */ = {isa = PBXBuildFile; fileRef = E9CBF56E242D9F4400A058F7 /* SupportOtherCell.swift */; };
		E9CBF571242DA0BA00A058F7 /* SupportErrorCell.swift in Sources */ = {isa = PBXBuildFile; fileRef = E9CBF570242DA0BA00A058F7 /* SupportErrorCell.swift */; };
		E9CBF573242DA0C700A058F7 /* SupportDeliveryCell.swift in Sources */ = {isa = PBXBuildFile; fileRef = E9CBF572242DA0C700A058F7 /* SupportDeliveryCell.swift */; };
		E9CBF5752431A8B000A058F7 /* MessageCell.swift in Sources */ = {isa = PBXBuildFile; fileRef = E9CBF5742431A8B000A058F7 /* MessageCell.swift */; };
		E9CBF5772431BED800A058F7 /* MessageChatVC.swift in Sources */ = {isa = PBXBuildFile; fileRef = E9CBF5762431BED800A058F7 /* MessageChatVC.swift */; };
		E9CBF5792431D18A00A058F7 /* MessageChatCell.swift in Sources */ = {isa = PBXBuildFile; fileRef = E9CBF5782431D18A00A058F7 /* MessageChatCell.swift */; };
		E9D07A4123E2B0930095AD05 /* DetailVC.swift in Sources */ = {isa = PBXBuildFile; fileRef = E9D07A4023E2B0930095AD05 /* DetailVC.swift */; };
		E9D07A4323E2B1110095AD05 /* NotiVC.swift in Sources */ = {isa = PBXBuildFile; fileRef = E9D07A4223E2B1110095AD05 /* NotiVC.swift */; };
		E9D07A4723E2B6DE0095AD05 /* SearchVC.swift in Sources */ = {isa = PBXBuildFile; fileRef = E9D07A4623E2B6DE0095AD05 /* SearchVC.swift */; };
		E9D07A4923E2E4DD0095AD05 /* LoginVC.swift in Sources */ = {isa = PBXBuildFile; fileRef = E9D07A4823E2E4DD0095AD05 /* LoginVC.swift */; };
		E9D07A4D23E3FB980095AD05 /* SignupVC.swift in Sources */ = {isa = PBXBuildFile; fileRef = E9D07A4C23E3FB980095AD05 /* SignupVC.swift */; };
		E9D07A4F23E4050D0095AD05 /* PhoneConfirmVC.swift in Sources */ = {isa = PBXBuildFile; fileRef = E9D07A4E23E4050D0095AD05 /* PhoneConfirmVC.swift */; };
		E9D1119223FFACB1006AE20C /* AppleSDGothicNeo-Heavy in Resources */ = {isa = PBXBuildFile; fileRef = E9D1119123FFACB1006AE20C /* AppleSDGothicNeo-Heavy */; };
		E9D1119424036B43006AE20C /* StoreVC.swift in Sources */ = {isa = PBXBuildFile; fileRef = E9D1119324036B43006AE20C /* StoreVC.swift */; };
		E9D1119A24038C27006AE20C /* CustomMenuBar.swift in Sources */ = {isa = PBXBuildFile; fileRef = E9D1119924038C27006AE20C /* CustomMenuBar.swift */; };
		E9D1119E2403BF77006AE20C /* TagVC.swift in Sources */ = {isa = PBXBuildFile; fileRef = E9D1119D2403BF77006AE20C /* TagVC.swift */; };
		E9D111A02403C00E006AE20C /* TagCell.swift in Sources */ = {isa = PBXBuildFile; fileRef = E9D1119F2403C00E006AE20C /* TagCell.swift */; };
		E9D111B2240E15CF006AE20C /* SearchCell.swift in Sources */ = {isa = PBXBuildFile; fileRef = E9D111B1240E15CF006AE20C /* SearchCell.swift */; };
		E9D111B4240E6278006AE20C /* SearchResultVC.swift in Sources */ = {isa = PBXBuildFile; fileRef = E9D111B3240E6278006AE20C /* SearchResultVC.swift */; };
		E9D111B6240E6590006AE20C /* SearchResultCell.swift in Sources */ = {isa = PBXBuildFile; fileRef = E9D111B5240E6590006AE20C /* SearchResultCell.swift */; };
		E9D111BF240F6F42006AE20C /* StoreCell.swift in Sources */ = {isa = PBXBuildFile; fileRef = E9D111BD240F6F41006AE20C /* StoreCell.swift */; };
		E9D111C0240F6F42006AE20C /* StoreShopCell.swift in Sources */ = {isa = PBXBuildFile; fileRef = E9D111BE240F6F42006AE20C /* StoreShopCell.swift */; };
		E9D111C2240F89CE006AE20C /* StoreLikeCell.swift in Sources */ = {isa = PBXBuildFile; fileRef = E9D111C1240F89CE006AE20C /* StoreLikeCell.swift */; };
		E9D111C6240FEFED006AE20C /* MyStoreVC.swift in Sources */ = {isa = PBXBuildFile; fileRef = E9D111C5240FEFED006AE20C /* MyStoreVC.swift */; };
		E9D111C8240FF039006AE20C /* MyStoreShopCell.swift in Sources */ = {isa = PBXBuildFile; fileRef = E9D111C7240FF039006AE20C /* MyStoreShopCell.swift */; };
		E9D111CA240FF3CD006AE20C /* MyStoreLikeCell.swift in Sources */ = {isa = PBXBuildFile; fileRef = E9D111C9240FF3CD006AE20C /* MyStoreLikeCell.swift */; };
		E9D111CC240FF83A006AE20C /* SettingVC.swift in Sources */ = {isa = PBXBuildFile; fileRef = E9D111CB240FF83A006AE20C /* SettingVC.swift */; };
		E9D111CE2410C316006AE20C /* PaymentVC.swift in Sources */ = {isa = PBXBuildFile; fileRef = E9D111CD2410C316006AE20C /* PaymentVC.swift */; };
		E9D111D02410D64C006AE20C /* FilterVC.swift in Sources */ = {isa = PBXBuildFile; fileRef = E9D111CF2410D64C006AE20C /* FilterVC.swift */; };
		E9D111D22416A7CC006AE20C /* SellVC.swift in Sources */ = {isa = PBXBuildFile; fileRef = E9D111D12416A7CC006AE20C /* SellVC.swift */; };
		E9D111D424177E48006AE20C /* PaymentCell.swift in Sources */ = {isa = PBXBuildFile; fileRef = E9D111D324177E48006AE20C /* PaymentCell.swift */; };
		E9D111DE2419409B006AE20C /* SellSelectVC.swift in Sources */ = {isa = PBXBuildFile; fileRef = E9D111DD2419409B006AE20C /* SellSelectVC.swift */; };
		E9D111E2241E16C0006AE20C /* SellCategoryGenderVC.swift in Sources */ = {isa = PBXBuildFile; fileRef = E9D111E1241E16BF006AE20C /* SellCategoryGenderVC.swift */; };
		E9D111E4241E248C006AE20C /* SellCategoryFirstVC.swift in Sources */ = {isa = PBXBuildFile; fileRef = E9D111E3241E248B006AE20C /* SellCategoryFirstVC.swift */; };
		E9D111E6241E25AC006AE20C /* SellCategorySecondVC.swift in Sources */ = {isa = PBXBuildFile; fileRef = E9D111E5241E25AC006AE20C /* SellCategorySecondVC.swift */; };
		E9D111E8241E2B04006AE20C /* SellCategorySizeVC.swift in Sources */ = {isa = PBXBuildFile; fileRef = E9D111E7241E2B04006AE20C /* SellCategorySizeVC.swift */; };
		E9D111EA241E2F53006AE20C /* SellCategoryBrandVC.swift in Sources */ = {isa = PBXBuildFile; fileRef = E9D111E9241E2F53006AE20C /* SellCategoryBrandVC.swift */; };
		E9D111EE24207C79006AE20C /* SellCategoryTagVC.swift in Sources */ = {isa = PBXBuildFile; fileRef = E9D111ED24207C78006AE20C /* SellCategoryTagVC.swift */; };
		E9EE6B5C242C605600844023 /* CustomSupportBar.swift in Sources */ = {isa = PBXBuildFile; fileRef = E9EE6B5B242C605600844023 /* CustomSupportBar.swift */; };
		E9EE6B5E242C609600844023 /* SupportCell.swift in Sources */ = {isa = PBXBuildFile; fileRef = E9EE6B5D242C609600844023 /* SupportCell.swift */; };
		E9EE6B60242C60C900844023 /* SupportTotalCell.swift in Sources */ = {isa = PBXBuildFile; fileRef = E9EE6B5F242C60C900844023 /* SupportTotalCell.swift */; };
		E9EE6B62242C715C00844023 /* StoreInfoSettingVC.swift in Sources */ = {isa = PBXBuildFile; fileRef = E9EE6B61242C715C00844023 /* StoreInfoSettingVC.swift */; };
		E9EE6B66242C9CCA00844023 /* StoreInfoSettingSecondVC.swift in Sources */ = {isa = PBXBuildFile; fileRef = E9EE6B65242C9CCA00844023 /* StoreInfoSettingSecondVC.swift */; };
/* End PBXBuildFile section */

/* Begin PBXFileReference section */
		1363A93A8BEF1668743D9C6F /* Pods-PEPUP-iOS.release.xcconfig */ = {isa = PBXFileReference; includeInIndex = 1; lastKnownFileType = text.xcconfig; name = "Pods-PEPUP-iOS.release.xcconfig"; path = "Target Support Files/Pods-PEPUP-iOS/Pods-PEPUP-iOS.release.xcconfig"; sourceTree = "<group>"; };
		B58BC0CA3A889CCCEFFECCEA /* Pods_PEPUP_iOS.framework */ = {isa = PBXFileReference; explicitFileType = wrapper.framework; includeInIndex = 0; path = Pods_PEPUP_iOS.framework; sourceTree = BUILT_PRODUCTS_DIR; };
		E3A9220E366E031B61452603 /* Pods-PEPUP-iOS.debug.xcconfig */ = {isa = PBXFileReference; includeInIndex = 1; lastKnownFileType = text.xcconfig; name = "Pods-PEPUP-iOS.debug.xcconfig"; path = "Target Support Files/Pods-PEPUP-iOS/Pods-PEPUP-iOS.debug.xcconfig"; sourceTree = "<group>"; };
		E90E84ED242215C100C215CB /* GoogleService-Info.plist */ = {isa = PBXFileReference; lastKnownFileType = text.plist; path = "GoogleService-Info.plist"; sourceTree = SOURCE_ROOT; };
		E90E84EF24226E7900C215CB /* ChatModel.swift */ = {isa = PBXFileReference; lastKnownFileType = sourcecode.swift; path = ChatModel.swift; sourceTree = "<group>"; };
		E90E84F1242334DD00C215CB /* NotiActivityCell.swift */ = {isa = PBXFileReference; lastKnownFileType = sourcecode.swift; path = NotiActivityCell.swift; sourceTree = "<group>"; };
		E90E84F32423351E00C215CB /* NotiPurchasedCell.swift */ = {isa = PBXFileReference; lastKnownFileType = sourcecode.swift; path = NotiPurchasedCell.swift; sourceTree = "<group>"; };
		E90E84F52423378400C215CB /* NotiCell.swift */ = {isa = PBXFileReference; lastKnownFileType = sourcecode.swift; path = NotiCell.swift; sourceTree = "<group>"; };
		E90E84F7242337CC00C215CB /* CustomNotiBar.swift */ = {isa = PBXFileReference; lastKnownFileType = sourcecode.swift; path = CustomNotiBar.swift; sourceTree = "<group>"; };
		E90E84F92423D64100C215CB /* PurchasedVC.swift */ = {isa = PBXFileReference; lastKnownFileType = sourcecode.swift; path = PurchasedVC.swift; sourceTree = "<group>"; };
		E90E84FB2423E89800C215CB /* PurchasedMainCell.swift */ = {isa = PBXFileReference; lastKnownFileType = sourcecode.swift; path = PurchasedMainCell.swift; sourceTree = "<group>"; };
		E90E84FD2427773700C215CB /* SoldVC.swift */ = {isa = PBXFileReference; lastKnownFileType = sourcecode.swift; path = SoldVC.swift; sourceTree = "<group>"; };
		E90E84FF2427776800C215CB /* NotiSoldCell.swift */ = {isa = PBXFileReference; lastKnownFileType = sourcecode.swift; path = NotiSoldCell.swift; sourceTree = "<group>"; };
		E90E85012427781B00C215CB /* SoldMainCell.swift */ = {isa = PBXFileReference; lastKnownFileType = sourcecode.swift; path = SoldMainCell.swift; sourceTree = "<group>"; };
		E90E850324278CA100C215CB /* DeliveryVC.swift */ = {isa = PBXFileReference; lastKnownFileType = sourcecode.swift; path = DeliveryVC.swift; sourceTree = "<group>"; };
		E90E85092428B52F00C215CB /* ReviewVC.swift */ = {isa = PBXFileReference; lastKnownFileType = sourcecode.swift; path = ReviewVC.swift; sourceTree = "<group>"; };
		E90E850B2429F74700C215CB /* MyStoreReviewCell.swift */ = {isa = PBXFileReference; lastKnownFileType = sourcecode.swift; path = MyStoreReviewCell.swift; sourceTree = "<group>"; };
		E90E850D242A088400C215CB /* StoreReviewCell.swift */ = {isa = PBXFileReference; lastKnownFileType = sourcecode.swift; path = StoreReviewCell.swift; sourceTree = "<group>"; };
		E90E850F242A3A4400C215CB /* ReviewSelectVC.swift */ = {isa = PBXFileReference; lastKnownFileType = sourcecode.swift; path = ReviewSelectVC.swift; sourceTree = "<group>"; };
		E90E8511242B1FF600C215CB /* SettingCell.swift */ = {isa = PBXFileReference; lastKnownFileType = sourcecode.swift; path = SettingCell.swift; sourceTree = "<group>"; };
		E90E8513242B33A000C215CB /* NoticeVC.swift */ = {isa = PBXFileReference; lastKnownFileType = sourcecode.swift; path = NoticeVC.swift; sourceTree = "<group>"; };
		E90E8515242B348D00C215CB /* StoreSettingVC.swift */ = {isa = PBXFileReference; lastKnownFileType = sourcecode.swift; path = StoreSettingVC.swift; sourceTree = "<group>"; };
		E90E8517242B34DC00C215CB /* SupportVC.swift */ = {isa = PBXFileReference; lastKnownFileType = sourcecode.swift; path = SupportVC.swift; sourceTree = "<group>"; };
		E90E851F242BAFE000C215CB /* NoticeCell.swift */ = {isa = PBXFileReference; lastKnownFileType = sourcecode.swift; path = NoticeCell.swift; sourceTree = "<group>"; };
		E90E8521242BB21C00C215CB /* NoticeMainVC.swift */ = {isa = PBXFileReference; lastKnownFileType = sourcecode.swift; path = NoticeMainVC.swift; sourceTree = "<group>"; };
		E90E8523242C458200C215CB /* UseTermsVC.swift */ = {isa = PBXFileReference; lastKnownFileType = sourcecode.swift; path = UseTermsVC.swift; sourceTree = "<group>"; };
		E90E8525242C459100C215CB /* PrivacyPolicyVC.swift */ = {isa = PBXFileReference; lastKnownFileType = sourcecode.swift; path = PrivacyPolicyVC.swift; sourceTree = "<group>"; };
		E932135223E1B9D800503CA8 /* HomeCell.swift */ = {isa = PBXFileReference; lastKnownFileType = sourcecode.swift; path = HomeCell.swift; sourceTree = "<group>"; };
		E932135423E1BA1000503CA8 /* BaseCollectionViewCell.swift */ = {isa = PBXFileReference; lastKnownFileType = sourcecode.swift; path = BaseCollectionViewCell.swift; sourceTree = "<group>"; };
		E932135A23E26F7200503CA8 /* FollowVC.swift */ = {isa = PBXFileReference; lastKnownFileType = sourcecode.swift; path = FollowVC.swift; sourceTree = "<group>"; };
		E932135C23E26FC400503CA8 /* FollowCell.swift */ = {isa = PBXFileReference; lastKnownFileType = sourcecode.swift; path = FollowCell.swift; sourceTree = "<group>"; };
		E94D142523E82A570001F3A0 /* FindIdVC.swift */ = {isa = PBXFileReference; lastKnownFileType = sourcecode.swift; path = FindIdVC.swift; sourceTree = "<group>"; };
		E94D142723E82A640001F3A0 /* FindPwdVC.swift */ = {isa = PBXFileReference; lastKnownFileType = sourcecode.swift; path = FindPwdVC.swift; sourceTree = "<group>"; };
		E94D142923E91EC40001F3A0 /* NickNameVC.swift */ = {isa = PBXFileReference; lastKnownFileType = sourcecode.swift; path = NickNameVC.swift; sourceTree = "<group>"; };
		E94D142B23E9223F0001F3A0 /* ProfileVC.swift */ = {isa = PBXFileReference; lastKnownFileType = sourcecode.swift; path = ProfileVC.swift; sourceTree = "<group>"; };
		E968FF0123EB1D8A00B2B1D3 /* FindPwdResetVC.swift */ = {isa = PBXFileReference; lastKnownFileType = sourcecode.swift; path = FindPwdResetVC.swift; sourceTree = "<group>"; };
		E968FF0323EC478200B2B1D3 /* Config.swift */ = {isa = PBXFileReference; lastKnownFileType = sourcecode.swift; path = Config.swift; sourceTree = "<group>"; };
		E968FF0523F13FE600B2B1D3 /* MessageVC.swift */ = {isa = PBXFileReference; lastKnownFileType = sourcecode.swift; path = MessageVC.swift; sourceTree = "<group>"; };
		E968FF1123F5139000B2B1D3 /* CartVC.swift */ = {isa = PBXFileReference; lastKnownFileType = sourcecode.swift; path = CartVC.swift; sourceTree = "<group>"; };
		E968FF1323F513BB00B2B1D3 /* CartCell.swift */ = {isa = PBXFileReference; lastKnownFileType = sourcecode.swift; path = CartCell.swift; sourceTree = "<group>"; };
		E9C8466C23E1A5D200359A93 /* PEPUP-iOS.app */ = {isa = PBXFileReference; explicitFileType = wrapper.application; includeInIndex = 0; path = "PEPUP-iOS.app"; sourceTree = BUILT_PRODUCTS_DIR; };
		E9C8466F23E1A5D200359A93 /* AppDelegate.swift */ = {isa = PBXFileReference; lastKnownFileType = sourcecode.swift; path = AppDelegate.swift; sourceTree = "<group>"; };
		E9C8467623E1A5D200359A93 /* Base */ = {isa = PBXFileReference; lastKnownFileType = file.storyboard; name = Base; path = Base.lproj/Main.storyboard; sourceTree = "<group>"; };
		E9C8467923E1A5D200359A93 /* PEPUP_iOS.xcdatamodel */ = {isa = PBXFileReference; lastKnownFileType = wrapper.xcdatamodel; path = PEPUP_iOS.xcdatamodel; sourceTree = "<group>"; };
		E9C8467B23E1A5D500359A93 /* Assets.xcassets */ = {isa = PBXFileReference; lastKnownFileType = folder.assetcatalog; path = Assets.xcassets; sourceTree = "<group>"; };
		E9C8468023E1A5D600359A93 /* Info.plist */ = {isa = PBXFileReference; lastKnownFileType = text.plist.xml; path = Info.plist; sourceTree = "<group>"; };
		E9C8468623E1A77300359A93 /* TabBarController.swift */ = {isa = PBXFileReference; lastKnownFileType = sourcecode.swift; path = TabBarController.swift; sourceTree = "<group>"; };
		E9C8468823E1A89E00359A93 /* HomeVC.swift */ = {isa = PBXFileReference; lastKnownFileType = sourcecode.swift; path = HomeVC.swift; sourceTree = "<group>"; };
		E9CBF56E242D9F4400A058F7 /* SupportOtherCell.swift */ = {isa = PBXFileReference; lastKnownFileType = sourcecode.swift; path = SupportOtherCell.swift; sourceTree = "<group>"; };
		E9CBF570242DA0BA00A058F7 /* SupportErrorCell.swift */ = {isa = PBXFileReference; lastKnownFileType = sourcecode.swift; path = SupportErrorCell.swift; sourceTree = "<group>"; };
		E9CBF572242DA0C700A058F7 /* SupportDeliveryCell.swift */ = {isa = PBXFileReference; lastKnownFileType = sourcecode.swift; path = SupportDeliveryCell.swift; sourceTree = "<group>"; };
		E9CBF5742431A8B000A058F7 /* MessageCell.swift */ = {isa = PBXFileReference; lastKnownFileType = sourcecode.swift; path = MessageCell.swift; sourceTree = "<group>"; };
		E9CBF5762431BED800A058F7 /* MessageChatVC.swift */ = {isa = PBXFileReference; lastKnownFileType = sourcecode.swift; path = MessageChatVC.swift; sourceTree = "<group>"; };
		E9CBF5782431D18A00A058F7 /* MessageChatCell.swift */ = {isa = PBXFileReference; lastKnownFileType = sourcecode.swift; path = MessageChatCell.swift; sourceTree = "<group>"; };
		E9D07A4023E2B0930095AD05 /* DetailVC.swift */ = {isa = PBXFileReference; lastKnownFileType = sourcecode.swift; path = DetailVC.swift; sourceTree = "<group>"; };
		E9D07A4223E2B1110095AD05 /* NotiVC.swift */ = {isa = PBXFileReference; lastKnownFileType = sourcecode.swift; path = NotiVC.swift; sourceTree = "<group>"; };
		E9D07A4623E2B6DE0095AD05 /* SearchVC.swift */ = {isa = PBXFileReference; lastKnownFileType = sourcecode.swift; path = SearchVC.swift; sourceTree = "<group>"; };
		E9D07A4823E2E4DD0095AD05 /* LoginVC.swift */ = {isa = PBXFileReference; lastKnownFileType = sourcecode.swift; path = LoginVC.swift; sourceTree = "<group>"; };
		E9D07A4C23E3FB980095AD05 /* SignupVC.swift */ = {isa = PBXFileReference; lastKnownFileType = sourcecode.swift; path = SignupVC.swift; sourceTree = "<group>"; };
		E9D07A4E23E4050D0095AD05 /* PhoneConfirmVC.swift */ = {isa = PBXFileReference; lastKnownFileType = sourcecode.swift; path = PhoneConfirmVC.swift; sourceTree = "<group>"; };
		E9D1119123FFACB1006AE20C /* AppleSDGothicNeo-Heavy */ = {isa = PBXFileReference; fileEncoding = 4; lastKnownFileType = text; path = "AppleSDGothicNeo-Heavy"; sourceTree = SOURCE_ROOT; };
		E9D1119324036B43006AE20C /* StoreVC.swift */ = {isa = PBXFileReference; lastKnownFileType = sourcecode.swift; path = StoreVC.swift; sourceTree = "<group>"; };
		E9D1119924038C27006AE20C /* CustomMenuBar.swift */ = {isa = PBXFileReference; lastKnownFileType = sourcecode.swift; path = CustomMenuBar.swift; sourceTree = "<group>"; };
		E9D1119D2403BF77006AE20C /* TagVC.swift */ = {isa = PBXFileReference; lastKnownFileType = sourcecode.swift; path = TagVC.swift; sourceTree = "<group>"; };
		E9D1119F2403C00E006AE20C /* TagCell.swift */ = {isa = PBXFileReference; lastKnownFileType = sourcecode.swift; path = TagCell.swift; sourceTree = "<group>"; };
		E9D111B1240E15CF006AE20C /* SearchCell.swift */ = {isa = PBXFileReference; lastKnownFileType = sourcecode.swift; path = SearchCell.swift; sourceTree = "<group>"; };
		E9D111B3240E6278006AE20C /* SearchResultVC.swift */ = {isa = PBXFileReference; lastKnownFileType = sourcecode.swift; path = SearchResultVC.swift; sourceTree = "<group>"; };
		E9D111B5240E6590006AE20C /* SearchResultCell.swift */ = {isa = PBXFileReference; lastKnownFileType = sourcecode.swift; path = SearchResultCell.swift; sourceTree = "<group>"; };
		E9D111BD240F6F41006AE20C /* StoreCell.swift */ = {isa = PBXFileReference; fileEncoding = 4; lastKnownFileType = sourcecode.swift; path = StoreCell.swift; sourceTree = "<group>"; };
		E9D111BE240F6F42006AE20C /* StoreShopCell.swift */ = {isa = PBXFileReference; fileEncoding = 4; lastKnownFileType = sourcecode.swift; path = StoreShopCell.swift; sourceTree = "<group>"; };
		E9D111C1240F89CE006AE20C /* StoreLikeCell.swift */ = {isa = PBXFileReference; lastKnownFileType = sourcecode.swift; path = StoreLikeCell.swift; sourceTree = "<group>"; };
		E9D111C5240FEFED006AE20C /* MyStoreVC.swift */ = {isa = PBXFileReference; lastKnownFileType = sourcecode.swift; path = MyStoreVC.swift; sourceTree = "<group>"; };
		E9D111C7240FF039006AE20C /* MyStoreShopCell.swift */ = {isa = PBXFileReference; lastKnownFileType = sourcecode.swift; path = MyStoreShopCell.swift; sourceTree = "<group>"; };
		E9D111C9240FF3CD006AE20C /* MyStoreLikeCell.swift */ = {isa = PBXFileReference; lastKnownFileType = sourcecode.swift; path = MyStoreLikeCell.swift; sourceTree = "<group>"; };
		E9D111CB240FF83A006AE20C /* SettingVC.swift */ = {isa = PBXFileReference; lastKnownFileType = sourcecode.swift; path = SettingVC.swift; sourceTree = "<group>"; };
		E9D111CD2410C316006AE20C /* PaymentVC.swift */ = {isa = PBXFileReference; lastKnownFileType = sourcecode.swift; path = PaymentVC.swift; sourceTree = "<group>"; };
		E9D111CF2410D64C006AE20C /* FilterVC.swift */ = {isa = PBXFileReference; lastKnownFileType = sourcecode.swift; path = FilterVC.swift; sourceTree = "<group>"; };
		E9D111D12416A7CC006AE20C /* SellVC.swift */ = {isa = PBXFileReference; lastKnownFileType = sourcecode.swift; path = SellVC.swift; sourceTree = "<group>"; };
		E9D111D324177E48006AE20C /* PaymentCell.swift */ = {isa = PBXFileReference; lastKnownFileType = sourcecode.swift; path = PaymentCell.swift; sourceTree = "<group>"; };
		E9D111DD2419409B006AE20C /* SellSelectVC.swift */ = {isa = PBXFileReference; lastKnownFileType = sourcecode.swift; path = SellSelectVC.swift; sourceTree = "<group>"; };
		E9D111E1241E16BF006AE20C /* SellCategoryGenderVC.swift */ = {isa = PBXFileReference; lastKnownFileType = sourcecode.swift; path = SellCategoryGenderVC.swift; sourceTree = "<group>"; };
		E9D111E3241E248B006AE20C /* SellCategoryFirstVC.swift */ = {isa = PBXFileReference; lastKnownFileType = sourcecode.swift; path = SellCategoryFirstVC.swift; sourceTree = "<group>"; };
		E9D111E5241E25AC006AE20C /* SellCategorySecondVC.swift */ = {isa = PBXFileReference; lastKnownFileType = sourcecode.swift; path = SellCategorySecondVC.swift; sourceTree = "<group>"; };
		E9D111E7241E2B04006AE20C /* SellCategorySizeVC.swift */ = {isa = PBXFileReference; lastKnownFileType = sourcecode.swift; path = SellCategorySizeVC.swift; sourceTree = "<group>"; };
		E9D111E9241E2F53006AE20C /* SellCategoryBrandVC.swift */ = {isa = PBXFileReference; lastKnownFileType = sourcecode.swift; path = SellCategoryBrandVC.swift; sourceTree = "<group>"; };
		E9D111ED24207C78006AE20C /* SellCategoryTagVC.swift */ = {isa = PBXFileReference; lastKnownFileType = sourcecode.swift; path = SellCategoryTagVC.swift; sourceTree = "<group>"; };
		E9EE6B5B242C605600844023 /* CustomSupportBar.swift */ = {isa = PBXFileReference; lastKnownFileType = sourcecode.swift; path = CustomSupportBar.swift; sourceTree = "<group>"; };
		E9EE6B5D242C609600844023 /* SupportCell.swift */ = {isa = PBXFileReference; lastKnownFileType = sourcecode.swift; path = SupportCell.swift; sourceTree = "<group>"; };
		E9EE6B5F242C60C900844023 /* SupportTotalCell.swift */ = {isa = PBXFileReference; lastKnownFileType = sourcecode.swift; path = SupportTotalCell.swift; sourceTree = "<group>"; };
		E9EE6B61242C715C00844023 /* StoreInfoSettingVC.swift */ = {isa = PBXFileReference; lastKnownFileType = sourcecode.swift; path = StoreInfoSettingVC.swift; sourceTree = "<group>"; };
		E9EE6B65242C9CCA00844023 /* StoreInfoSettingSecondVC.swift */ = {isa = PBXFileReference; lastKnownFileType = sourcecode.swift; path = StoreInfoSettingSecondVC.swift; sourceTree = "<group>"; };
/* End PBXFileReference section */

/* Begin PBXFrameworksBuildPhase section */
		E9C8466923E1A5D200359A93 /* Frameworks */ = {
			isa = PBXFrameworksBuildPhase;
			buildActionMask = 2147483647;
			files = (
				7AEBDB01025068B1478B1DBE /* Pods_PEPUP_iOS.framework in Frameworks */,
			);
			runOnlyForDeploymentPostprocessing = 0;
		};
/* End PBXFrameworksBuildPhase section */

/* Begin PBXGroup section */
		08DFB5902AB666155A9931EE /* Frameworks */ = {
			isa = PBXGroup;
			children = (
				B58BC0CA3A889CCCEFFECCEA /* Pods_PEPUP_iOS.framework */,
			);
			name = Frameworks;
			sourceTree = "<group>";
		};
		6AB4C4BF0FF7DD6D7250FBAE /* Pods */ = {
			isa = PBXGroup;
			children = (
				E3A9220E366E031B61452603 /* Pods-PEPUP-iOS.debug.xcconfig */,
				1363A93A8BEF1668743D9C6F /* Pods-PEPUP-iOS.release.xcconfig */,
			);
			path = Pods;
			sourceTree = "<group>";
		};
		E9C8466323E1A5D200359A93 = {
			isa = PBXGroup;
			children = (
				E9C8466E23E1A5D200359A93 /* PEPUP-iOS */,
				E9C8466D23E1A5D200359A93 /* Products */,
				6AB4C4BF0FF7DD6D7250FBAE /* Pods */,
				08DFB5902AB666155A9931EE /* Frameworks */,
			);
			sourceTree = "<group>";
		};
		E9C8466D23E1A5D200359A93 /* Products */ = {
			isa = PBXGroup;
			children = (
				E9C8466C23E1A5D200359A93 /* PEPUP-iOS.app */,
			);
			name = Products;
			sourceTree = "<group>";
		};
		E9C8466E23E1A5D200359A93 /* PEPUP-iOS */ = {
			isa = PBXGroup;
			children = (
				E9D1119123FFACB1006AE20C /* AppleSDGothicNeo-Heavy */,
				E9C8466F23E1A5D200359A93 /* AppDelegate.swift */,
				E9C8467523E1A5D200359A93 /* Main.storyboard */,
				E9C8467B23E1A5D500359A93 /* Assets.xcassets */,
				E9C8468023E1A5D600359A93 /* Info.plist */,
				E90E84ED242215C100C215CB /* GoogleService-Info.plist */,
				E9C8467823E1A5D200359A93 /* PEPUP_iOS.xcdatamodeld */,
				E932135423E1BA1000503CA8 /* BaseCollectionViewCell.swift */,
				E9C8468623E1A77300359A93 /* TabBarController.swift */,
				E968FF0323EC478200B2B1D3 /* Config.swift */,
				E9D07A4823E2E4DD0095AD05 /* LoginVC.swift */,
				E94D142523E82A570001F3A0 /* FindIdVC.swift */,
				E94D142723E82A640001F3A0 /* FindPwdVC.swift */,
				E968FF0123EB1D8A00B2B1D3 /* FindPwdResetVC.swift */,
				E9D07A4E23E4050D0095AD05 /* PhoneConfirmVC.swift */,
				E9D07A4C23E3FB980095AD05 /* SignupVC.swift */,
				E94D142923E91EC40001F3A0 /* NickNameVC.swift */,
				E94D142B23E9223F0001F3A0 /* ProfileVC.swift */,
				E9C8468823E1A89E00359A93 /* HomeVC.swift */,
				E932135223E1B9D800503CA8 /* HomeCell.swift */,
				E932135A23E26F7200503CA8 /* FollowVC.swift */,
				E932135C23E26FC400503CA8 /* FollowCell.swift */,
				E9D07A4023E2B0930095AD05 /* DetailVC.swift */,
				E9D1119D2403BF77006AE20C /* TagVC.swift */,
				E9D1119F2403C00E006AE20C /* TagCell.swift */,
				E9D07A4623E2B6DE0095AD05 /* SearchVC.swift */,
				E9D111B1240E15CF006AE20C /* SearchCell.swift */,
				E9D111B3240E6278006AE20C /* SearchResultVC.swift */,
				E9D111B5240E6590006AE20C /* SearchResultCell.swift */,
				E968FF1123F5139000B2B1D3 /* CartVC.swift */,
				E968FF1323F513BB00B2B1D3 /* CartCell.swift */,
				E9D1119324036B43006AE20C /* StoreVC.swift */,
				E9D111BD240F6F41006AE20C /* StoreCell.swift */,
				E9D111BE240F6F42006AE20C /* StoreShopCell.swift */,
				E9D111C1240F89CE006AE20C /* StoreLikeCell.swift */,
				E90E850D242A088400C215CB /* StoreReviewCell.swift */,
				E9D1119924038C27006AE20C /* CustomMenuBar.swift */,
				E9D111C5240FEFED006AE20C /* MyStoreVC.swift */,
				E9D111C7240FF039006AE20C /* MyStoreShopCell.swift */,
				E9D111C9240FF3CD006AE20C /* MyStoreLikeCell.swift */,
				E90E850B2429F74700C215CB /* MyStoreReviewCell.swift */,
				E9D111CD2410C316006AE20C /* PaymentVC.swift */,
				E9D111D324177E48006AE20C /* PaymentCell.swift */,
				E9EE6B61242C715C00844023 /* StoreInfoSettingVC.swift */,
				E9EE6B65242C9CCA00844023 /* StoreInfoSettingSecondVC.swift */,
				E9D111DD2419409B006AE20C /* SellSelectVC.swift */,
				E9D111D12416A7CC006AE20C /* SellVC.swift */,
				E9D111E1241E16BF006AE20C /* SellCategoryGenderVC.swift */,
				E9D111E3241E248B006AE20C /* SellCategoryFirstVC.swift */,
				E9D111E5241E25AC006AE20C /* SellCategorySecondVC.swift */,
				E9D111E7241E2B04006AE20C /* SellCategorySizeVC.swift */,
				E9D111E9241E2F53006AE20C /* SellCategoryBrandVC.swift */,
				E9D111ED24207C78006AE20C /* SellCategoryTagVC.swift */,
				E968FF0523F13FE600B2B1D3 /* MessageVC.swift */,
				E9CBF5742431A8B000A058F7 /* MessageCell.swift */,
				E9CBF5762431BED800A058F7 /* MessageChatVC.swift */,
				E9CBF5782431D18A00A058F7 /* MessageChatCell.swift */,
				E90E84EF24226E7900C215CB /* ChatModel.swift */,
				E9D07A4223E2B1110095AD05 /* NotiVC.swift */,
				E90E84F7242337CC00C215CB /* CustomNotiBar.swift */,
				E90E84F52423378400C215CB /* NotiCell.swift */,
				E90E84F1242334DD00C215CB /* NotiActivityCell.swift */,
				E90E84F32423351E00C215CB /* NotiPurchasedCell.swift */,
				E90E84F92423D64100C215CB /* PurchasedVC.swift */,
				E90E84FB2423E89800C215CB /* PurchasedMainCell.swift */,
				E90E850F242A3A4400C215CB /* ReviewSelectVC.swift */,
				E90E85092428B52F00C215CB /* ReviewVC.swift */,
				E90E84FF2427776800C215CB /* NotiSoldCell.swift */,
				E90E84FD2427773700C215CB /* SoldVC.swift */,
				E90E85012427781B00C215CB /* SoldMainCell.swift */,
				E90E850324278CA100C215CB /* DeliveryVC.swift */,
				E9D111CB240FF83A006AE20C /* SettingVC.swift */,
				E90E8511242B1FF600C215CB /* SettingCell.swift */,
				E90E8513242B33A000C215CB /* NoticeVC.swift */,
				E90E851F242BAFE000C215CB /* NoticeCell.swift */,
				E90E8521242BB21C00C215CB /* NoticeMainVC.swift */,
				E90E8515242B348D00C215CB /* StoreSettingVC.swift */,
				E90E8517242B34DC00C215CB /* SupportVC.swift */,
				E9EE6B5B242C605600844023 /* CustomSupportBar.swift */,
				E9EE6B5D242C609600844023 /* SupportCell.swift */,
				E9EE6B5F242C60C900844023 /* SupportTotalCell.swift */,
				E9CBF56E242D9F4400A058F7 /* SupportOtherCell.swift */,
				E9CBF570242DA0BA00A058F7 /* SupportErrorCell.swift */,
				E9CBF572242DA0C700A058F7 /* SupportDeliveryCell.swift */,
				E90E8523242C458200C215CB /* UseTermsVC.swift */,
				E90E8525242C459100C215CB /* PrivacyPolicyVC.swift */,
				E9D111CF2410D64C006AE20C /* FilterVC.swift */,
			);
			path = "PEPUP-iOS";
			sourceTree = "<group>";
		};
/* End PBXGroup section */

/* Begin PBXNativeTarget section */
		E9C8466B23E1A5D200359A93 /* PEPUP-iOS */ = {
			isa = PBXNativeTarget;
			buildConfigurationList = E9C8468323E1A5D600359A93 /* Build configuration list for PBXNativeTarget "PEPUP-iOS" */;
			buildPhases = (
				424781247FB01736E6A4FC2E /* [CP] Check Pods Manifest.lock */,
				E9C8466823E1A5D200359A93 /* Sources */,
				E9C8466923E1A5D200359A93 /* Frameworks */,
				E9C8466A23E1A5D200359A93 /* Resources */,
				2FF1F88EFBB7FC1B1546D1C4 /* [CP] Embed Pods Frameworks */,
			);
			buildRules = (
			);
			dependencies = (
			);
			name = "PEPUP-iOS";
			productName = "PEPUP-iOS";
			productReference = E9C8466C23E1A5D200359A93 /* PEPUP-iOS.app */;
			productType = "com.apple.product-type.application";
		};
/* End PBXNativeTarget section */

/* Begin PBXProject section */
		E9C8466423E1A5D200359A93 /* Project object */ = {
			isa = PBXProject;
			attributes = {
				LastSwiftUpdateCheck = 1130;
				LastUpgradeCheck = 1130;
				ORGANIZATIONNAME = Mondeique;
				TargetAttributes = {
					E9C8466B23E1A5D200359A93 = {
						CreatedOnToolsVersion = 11.3.1;
					};
				};
			};
			buildConfigurationList = E9C8466723E1A5D200359A93 /* Build configuration list for PBXProject "PEPUP-iOS" */;
			compatibilityVersion = "Xcode 9.3";
			developmentRegion = en;
			hasScannedForEncodings = 0;
			knownRegions = (
				en,
				Base,
			);
			mainGroup = E9C8466323E1A5D200359A93;
			productRefGroup = E9C8466D23E1A5D200359A93 /* Products */;
			projectDirPath = "";
			projectRoot = "";
			targets = (
				E9C8466B23E1A5D200359A93 /* PEPUP-iOS */,
			);
		};
/* End PBXProject section */

/* Begin PBXResourcesBuildPhase section */
		E9C8466A23E1A5D200359A93 /* Resources */ = {
			isa = PBXResourcesBuildPhase;
			buildActionMask = 2147483647;
			files = (
				E9D1119223FFACB1006AE20C /* AppleSDGothicNeo-Heavy in Resources */,
				E90E84EE242215C100C215CB /* GoogleService-Info.plist in Resources */,
				E9C8467C23E1A5D500359A93 /* Assets.xcassets in Resources */,
				E9C8467723E1A5D200359A93 /* Main.storyboard in Resources */,
			);
			runOnlyForDeploymentPostprocessing = 0;
		};
/* End PBXResourcesBuildPhase section */

/* Begin PBXShellScriptBuildPhase section */
		2FF1F88EFBB7FC1B1546D1C4 /* [CP] Embed Pods Frameworks */ = {
			isa = PBXShellScriptBuildPhase;
			buildActionMask = 2147483647;
			files = (
			);
			inputFileListPaths = (
				"${PODS_ROOT}/Target Support Files/Pods-PEPUP-iOS/Pods-PEPUP-iOS-frameworks-${CONFIGURATION}-input-files.xcfilelist",
			);
			name = "[CP] Embed Pods Frameworks";
			outputFileListPaths = (
				"${PODS_ROOT}/Target Support Files/Pods-PEPUP-iOS/Pods-PEPUP-iOS-frameworks-${CONFIGURATION}-output-files.xcfilelist",
			);
			runOnlyForDeploymentPostprocessing = 0;
			shellPath = /bin/sh;
			shellScript = "\"${PODS_ROOT}/Target Support Files/Pods-PEPUP-iOS/Pods-PEPUP-iOS-frameworks.sh\"\n";
			showEnvVarsInLog = 0;
		};
		424781247FB01736E6A4FC2E /* [CP] Check Pods Manifest.lock */ = {
			isa = PBXShellScriptBuildPhase;
			buildActionMask = 2147483647;
			files = (
			);
			inputFileListPaths = (
			);
			inputPaths = (
				"${PODS_PODFILE_DIR_PATH}/Podfile.lock",
				"${PODS_ROOT}/Manifest.lock",
			);
			name = "[CP] Check Pods Manifest.lock";
			outputFileListPaths = (
			);
			outputPaths = (
				"$(DERIVED_FILE_DIR)/Pods-PEPUP-iOS-checkManifestLockResult.txt",
			);
			runOnlyForDeploymentPostprocessing = 0;
			shellPath = /bin/sh;
			shellScript = "diff \"${PODS_PODFILE_DIR_PATH}/Podfile.lock\" \"${PODS_ROOT}/Manifest.lock\" > /dev/null\nif [ $? != 0 ] ; then\n    # print error to STDERR\n    echo \"error: The sandbox is not in sync with the Podfile.lock. Run 'pod install' or update your CocoaPods installation.\" >&2\n    exit 1\nfi\n# This output is used by Xcode 'outputs' to avoid re-running this script phase.\necho \"SUCCESS\" > \"${SCRIPT_OUTPUT_FILE_0}\"\n";
			showEnvVarsInLog = 0;
		};
/* End PBXShellScriptBuildPhase section */

/* Begin PBXSourcesBuildPhase section */
		E9C8466823E1A5D200359A93 /* Sources */ = {
			isa = PBXSourcesBuildPhase;
			buildActionMask = 2147483647;
			files = (
				E90E8526242C459100C215CB /* PrivacyPolicyVC.swift in Sources */,
				E932135523E1BA1000503CA8 /* BaseCollectionViewCell.swift in Sources */,
				E9CBF5772431BED800A058F7 /* MessageChatVC.swift in Sources */,
				E9D111E8241E2B04006AE20C /* SellCategorySizeVC.swift in Sources */,
				E90E8516242B348D00C215CB /* StoreSettingVC.swift in Sources */,
				E9C8468923E1A89E00359A93 /* HomeVC.swift in Sources */,
				E90E84F42423351E00C215CB /* NotiPurchasedCell.swift in Sources */,
				E9D111E2241E16C0006AE20C /* SellCategoryGenderVC.swift in Sources */,
				E90E84FC2423E89800C215CB /* PurchasedMainCell.swift in Sources */,
				E9D111C8240FF039006AE20C /* MyStoreShopCell.swift in Sources */,
				E9D111B6240E6590006AE20C /* SearchResultCell.swift in Sources */,
				E9D111A02403C00E006AE20C /* TagCell.swift in Sources */,
				E94D142A23E91EC40001F3A0 /* NickNameVC.swift in Sources */,
				E9D07A4123E2B0930095AD05 /* DetailVC.swift in Sources */,
				E9D07A4F23E4050D0095AD05 /* PhoneConfirmVC.swift in Sources */,
				E90E8514242B33A000C215CB /* NoticeVC.swift in Sources */,
				E9D111C0240F6F42006AE20C /* StoreShopCell.swift in Sources */,
				E9D111D424177E48006AE20C /* PaymentCell.swift in Sources */,
				E9D111B2240E15CF006AE20C /* SearchCell.swift in Sources */,
				E94D142623E82A570001F3A0 /* FindIdVC.swift in Sources */,
				E9D111CE2410C316006AE20C /* PaymentVC.swift in Sources */,
				E9CBF56F242D9F4400A058F7 /* SupportOtherCell.swift in Sources */,
				E9C8468723E1A77300359A93 /* TabBarController.swift in Sources */,
				E9D07A4723E2B6DE0095AD05 /* SearchVC.swift in Sources */,
				E9D1119A24038C27006AE20C /* CustomMenuBar.swift in Sources */,
				E90E84F024226E7900C215CB /* ChatModel.swift in Sources */,
				E90E85002427776800C215CB /* NotiSoldCell.swift in Sources */,
				E9D111DE2419409B006AE20C /* SellSelectVC.swift in Sources */,
				E90E84FA2423D64100C215CB /* PurchasedVC.swift in Sources */,
				E94D142C23E9223F0001F3A0 /* ProfileVC.swift in Sources */,
				E90E8524242C458200C215CB /* UseTermsVC.swift in Sources */,
				E90E850A2428B52F00C215CB /* ReviewVC.swift in Sources */,
				E9CBF571242DA0BA00A058F7 /* SupportErrorCell.swift in Sources */,
				E90E8510242A3A4400C215CB /* ReviewSelectVC.swift in Sources */,
				E9D111D22416A7CC006AE20C /* SellVC.swift in Sources */,
				E9D111B4240E6278006AE20C /* SearchResultVC.swift in Sources */,
				E9C8467023E1A5D200359A93 /* AppDelegate.swift in Sources */,
				E90E8518242B34DC00C215CB /* SupportVC.swift in Sources */,
				E90E850424278CA100C215CB /* DeliveryVC.swift in Sources */,
				E9D111BF240F6F42006AE20C /* StoreCell.swift in Sources */,
				E9D1119E2403BF77006AE20C /* TagVC.swift in Sources */,
				E90E8512242B1FF700C215CB /* SettingCell.swift in Sources */,
				E9D111C2240F89CE006AE20C /* StoreLikeCell.swift in Sources */,
				E968FF1223F5139000B2B1D3 /* CartVC.swift in Sources */,
				E968FF0223EB1D8A00B2B1D3 /* FindPwdResetVC.swift in Sources */,
				E9D111E4241E248C006AE20C /* SellCategoryFirstVC.swift in Sources */,
				E90E8522242BB21C00C215CB /* NoticeMainVC.swift in Sources */,
				E9D07A4D23E3FB980095AD05 /* SignupVC.swift in Sources */,
				E9D07A4323E2B1110095AD05 /* NotiVC.swift in Sources */,
				E9EE6B62242C715C00844023 /* StoreInfoSettingVC.swift in Sources */,
				E9D111CC240FF83A006AE20C /* SettingVC.swift in Sources */,
				E9D111D02410D64C006AE20C /* FilterVC.swift in Sources */,
				E968FF0623F13FE600B2B1D3 /* MessageVC.swift in Sources */,
				E9CBF5752431A8B000A058F7 /* MessageCell.swift in Sources */,
				E9CBF573242DA0C700A058F7 /* SupportDeliveryCell.swift in Sources */,
				E9D1119424036B43006AE20C /* StoreVC.swift in Sources */,
				E932135B23E26F7200503CA8 /* FollowVC.swift in Sources */,
				E932135323E1B9D800503CA8 /* HomeCell.swift in Sources */,
				E9EE6B66242C9CCA00844023 /* StoreInfoSettingSecondVC.swift in Sources */,
				E968FF0423EC478200B2B1D3 /* Config.swift in Sources */,
				E90E850E242A088400C215CB /* StoreReviewCell.swift in Sources */,
				E9EE6B5E242C609600844023 /* SupportCell.swift in Sources */,
				E968FF1423F513BB00B2B1D3 /* CartCell.swift in Sources */,
				E9EE6B5C242C605600844023 /* CustomSupportBar.swift in Sources */,
				E9D111EE24207C79006AE20C /* SellCategoryTagVC.swift in Sources */,
				E9D111E6241E25AC006AE20C /* SellCategorySecondVC.swift in Sources */,
				E90E850C2429F74700C215CB /* MyStoreReviewCell.swift in Sources */,
				E932135D23E26FC400503CA8 /* FollowCell.swift in Sources */,
				E90E84F2242334DD00C215CB /* NotiActivityCell.swift in Sources */,
				E9EE6B60242C60C900844023 /* SupportTotalCell.swift in Sources */,
				E9D111C6240FEFED006AE20C /* MyStoreVC.swift in Sources */,
				E9CBF5792431D18A00A058F7 /* MessageChatCell.swift in Sources */,
				E9D111EA241E2F53006AE20C /* SellCategoryBrandVC.swift in Sources */,
				E94D142823E82A640001F3A0 /* FindPwdVC.swift in Sources */,
				E90E85022427781B00C215CB /* SoldMainCell.swift in Sources */,
				E90E84FE2427773700C215CB /* SoldVC.swift in Sources */,
				E90E84F8242337CC00C215CB /* CustomNotiBar.swift in Sources */,
				E9C8467A23E1A5D200359A93 /* PEPUP_iOS.xcdatamodeld in Sources */,
				E9D07A4923E2E4DD0095AD05 /* LoginVC.swift in Sources */,
				E90E8520242BAFE000C215CB /* NoticeCell.swift in Sources */,
				E90E84F62423378400C215CB /* NotiCell.swift in Sources */,
				E9D111CA240FF3CD006AE20C /* MyStoreLikeCell.swift in Sources */,
			);
			runOnlyForDeploymentPostprocessing = 0;
		};
/* End PBXSourcesBuildPhase section */

/* Begin PBXVariantGroup section */
		E9C8467523E1A5D200359A93 /* Main.storyboard */ = {
			isa = PBXVariantGroup;
			children = (
				E9C8467623E1A5D200359A93 /* Base */,
			);
			name = Main.storyboard;
			sourceTree = "<group>";
		};
/* End PBXVariantGroup section */

/* Begin XCBuildConfiguration section */
		E9C8468123E1A5D600359A93 /* Debug */ = {
			isa = XCBuildConfiguration;
			buildSettings = {
				ALWAYS_SEARCH_USER_PATHS = NO;
				CLANG_ANALYZER_NONNULL = YES;
				CLANG_ANALYZER_NUMBER_OBJECT_CONVERSION = YES_AGGRESSIVE;
				CLANG_CXX_LANGUAGE_STANDARD = "gnu++14";
				CLANG_CXX_LIBRARY = "libc++";
				CLANG_ENABLE_MODULES = YES;
				CLANG_ENABLE_OBJC_ARC = YES;
				CLANG_ENABLE_OBJC_WEAK = YES;
				CLANG_WARN_BLOCK_CAPTURE_AUTORELEASING = YES;
				CLANG_WARN_BOOL_CONVERSION = YES;
				CLANG_WARN_COMMA = YES;
				CLANG_WARN_CONSTANT_CONVERSION = YES;
				CLANG_WARN_DEPRECATED_OBJC_IMPLEMENTATIONS = YES;
				CLANG_WARN_DIRECT_OBJC_ISA_USAGE = YES_ERROR;
				CLANG_WARN_DOCUMENTATION_COMMENTS = YES;
				CLANG_WARN_EMPTY_BODY = YES;
				CLANG_WARN_ENUM_CONVERSION = YES;
				CLANG_WARN_INFINITE_RECURSION = YES;
				CLANG_WARN_INT_CONVERSION = YES;
				CLANG_WARN_NON_LITERAL_NULL_CONVERSION = YES;
				CLANG_WARN_OBJC_IMPLICIT_RETAIN_SELF = YES;
				CLANG_WARN_OBJC_LITERAL_CONVERSION = YES;
				CLANG_WARN_OBJC_ROOT_CLASS = YES_ERROR;
				CLANG_WARN_RANGE_LOOP_ANALYSIS = YES;
				CLANG_WARN_STRICT_PROTOTYPES = YES;
				CLANG_WARN_SUSPICIOUS_MOVE = YES;
				CLANG_WARN_UNGUARDED_AVAILABILITY = YES_AGGRESSIVE;
				CLANG_WARN_UNREACHABLE_CODE = YES;
				CLANG_WARN__DUPLICATE_METHOD_MATCH = YES;
				COPY_PHASE_STRIP = NO;
				DEBUG_INFORMATION_FORMAT = dwarf;
				ENABLE_STRICT_OBJC_MSGSEND = YES;
				ENABLE_TESTABILITY = YES;
				GCC_C_LANGUAGE_STANDARD = gnu11;
				GCC_DYNAMIC_NO_PIC = NO;
				GCC_NO_COMMON_BLOCKS = YES;
				GCC_OPTIMIZATION_LEVEL = 0;
				GCC_PREPROCESSOR_DEFINITIONS = (
					"DEBUG=1",
					"$(inherited)",
				);
				GCC_WARN_64_TO_32_BIT_CONVERSION = YES;
				GCC_WARN_ABOUT_RETURN_TYPE = YES_ERROR;
				GCC_WARN_UNDECLARED_SELECTOR = YES;
				GCC_WARN_UNINITIALIZED_AUTOS = YES_AGGRESSIVE;
				GCC_WARN_UNUSED_FUNCTION = YES;
				GCC_WARN_UNUSED_VARIABLE = YES;
				IPHONEOS_DEPLOYMENT_TARGET = 13.2;
				MTL_ENABLE_DEBUG_INFO = INCLUDE_SOURCE;
				MTL_FAST_MATH = YES;
				ONLY_ACTIVE_ARCH = YES;
				SDKROOT = iphoneos;
				SWIFT_ACTIVE_COMPILATION_CONDITIONS = DEBUG;
				SWIFT_OPTIMIZATION_LEVEL = "-Onone";
			};
			name = Debug;
		};
		E9C8468223E1A5D600359A93 /* Release */ = {
			isa = XCBuildConfiguration;
			buildSettings = {
				ALWAYS_SEARCH_USER_PATHS = NO;
				CLANG_ANALYZER_NONNULL = YES;
				CLANG_ANALYZER_NUMBER_OBJECT_CONVERSION = YES_AGGRESSIVE;
				CLANG_CXX_LANGUAGE_STANDARD = "gnu++14";
				CLANG_CXX_LIBRARY = "libc++";
				CLANG_ENABLE_MODULES = YES;
				CLANG_ENABLE_OBJC_ARC = YES;
				CLANG_ENABLE_OBJC_WEAK = YES;
				CLANG_WARN_BLOCK_CAPTURE_AUTORELEASING = YES;
				CLANG_WARN_BOOL_CONVERSION = YES;
				CLANG_WARN_COMMA = YES;
				CLANG_WARN_CONSTANT_CONVERSION = YES;
				CLANG_WARN_DEPRECATED_OBJC_IMPLEMENTATIONS = YES;
				CLANG_WARN_DIRECT_OBJC_ISA_USAGE = YES_ERROR;
				CLANG_WARN_DOCUMENTATION_COMMENTS = YES;
				CLANG_WARN_EMPTY_BODY = YES;
				CLANG_WARN_ENUM_CONVERSION = YES;
				CLANG_WARN_INFINITE_RECURSION = YES;
				CLANG_WARN_INT_CONVERSION = YES;
				CLANG_WARN_NON_LITERAL_NULL_CONVERSION = YES;
				CLANG_WARN_OBJC_IMPLICIT_RETAIN_SELF = YES;
				CLANG_WARN_OBJC_LITERAL_CONVERSION = YES;
				CLANG_WARN_OBJC_ROOT_CLASS = YES_ERROR;
				CLANG_WARN_RANGE_LOOP_ANALYSIS = YES;
				CLANG_WARN_STRICT_PROTOTYPES = YES;
				CLANG_WARN_SUSPICIOUS_MOVE = YES;
				CLANG_WARN_UNGUARDED_AVAILABILITY = YES_AGGRESSIVE;
				CLANG_WARN_UNREACHABLE_CODE = YES;
				CLANG_WARN__DUPLICATE_METHOD_MATCH = YES;
				COPY_PHASE_STRIP = NO;
				DEBUG_INFORMATION_FORMAT = "dwarf-with-dsym";
				ENABLE_NS_ASSERTIONS = NO;
				ENABLE_STRICT_OBJC_MSGSEND = YES;
				GCC_C_LANGUAGE_STANDARD = gnu11;
				GCC_NO_COMMON_BLOCKS = YES;
				GCC_WARN_64_TO_32_BIT_CONVERSION = YES;
				GCC_WARN_ABOUT_RETURN_TYPE = YES_ERROR;
				GCC_WARN_UNDECLARED_SELECTOR = YES;
				GCC_WARN_UNINITIALIZED_AUTOS = YES_AGGRESSIVE;
				GCC_WARN_UNUSED_FUNCTION = YES;
				GCC_WARN_UNUSED_VARIABLE = YES;
				IPHONEOS_DEPLOYMENT_TARGET = 13.2;
				MTL_ENABLE_DEBUG_INFO = NO;
				MTL_FAST_MATH = YES;
				SDKROOT = iphoneos;
				SWIFT_COMPILATION_MODE = wholemodule;
				SWIFT_OPTIMIZATION_LEVEL = "-O";
				VALIDATE_PRODUCT = YES;
			};
			name = Release;
		};
		E9C8468423E1A5D600359A93 /* Debug */ = {
			isa = XCBuildConfiguration;
			baseConfigurationReference = E3A9220E366E031B61452603 /* Pods-PEPUP-iOS.debug.xcconfig */;
			buildSettings = {
				ASSETCATALOG_COMPILER_APPICON_NAME = AppIcon;
				ASSETCATALOG_COMPILER_LAUNCHIMAGE_NAME = LaunchImage;
				CODE_SIGN_STYLE = Automatic;
				DEVELOPMENT_TEAM = 6X78YXFAH4;
				INFOPLIST_FILE = "PEPUP-iOS/Info.plist";
				IPHONEOS_DEPLOYMENT_TARGET = 11.0;
				LD_RUNPATH_SEARCH_PATHS = (
					"$(inherited)",
					"@executable_path/Frameworks",
				);
				PRODUCT_BUNDLE_IDENTIFIER = "com.mondeique.PEPUP-iOS";
				PRODUCT_NAME = "$(TARGET_NAME)";
				SWIFT_VERSION = 5.0;
				TARGETED_DEVICE_FAMILY = "1,2";
			};
			name = Debug;
		};
		E9C8468523E1A5D600359A93 /* Release */ = {
			isa = XCBuildConfiguration;
			baseConfigurationReference = 1363A93A8BEF1668743D9C6F /* Pods-PEPUP-iOS.release.xcconfig */;
			buildSettings = {
				ASSETCATALOG_COMPILER_APPICON_NAME = AppIcon;
				ASSETCATALOG_COMPILER_LAUNCHIMAGE_NAME = LaunchImage;
				CODE_SIGN_STYLE = Automatic;
				DEVELOPMENT_TEAM = 6X78YXFAH4;
				INFOPLIST_FILE = "PEPUP-iOS/Info.plist";
				IPHONEOS_DEPLOYMENT_TARGET = 11.0;
				LD_RUNPATH_SEARCH_PATHS = (
					"$(inherited)",
					"@executable_path/Frameworks",
				);
				PRODUCT_BUNDLE_IDENTIFIER = "com.mondeique.PEPUP-iOS";
				PRODUCT_NAME = "$(TARGET_NAME)";
				SWIFT_VERSION = 5.0;
				TARGETED_DEVICE_FAMILY = "1,2";
			};
			name = Release;
		};
/* End XCBuildConfiguration section */

/* Begin XCConfigurationList section */
		E9C8466723E1A5D200359A93 /* Build configuration list for PBXProject "PEPUP-iOS" */ = {
			isa = XCConfigurationList;
			buildConfigurations = (
				E9C8468123E1A5D600359A93 /* Debug */,
				E9C8468223E1A5D600359A93 /* Release */,
			);
			defaultConfigurationIsVisible = 0;
			defaultConfigurationName = Release;
		};
		E9C8468323E1A5D600359A93 /* Build configuration list for PBXNativeTarget "PEPUP-iOS" */ = {
			isa = XCConfigurationList;
			buildConfigurations = (
				E9C8468423E1A5D600359A93 /* Debug */,
				E9C8468523E1A5D600359A93 /* Release */,
			);
			defaultConfigurationIsVisible = 0;
			defaultConfigurationName = Release;
		};
/* End XCConfigurationList section */

/* Begin XCVersionGroup section */
		E9C8467823E1A5D200359A93 /* PEPUP_iOS.xcdatamodeld */ = {
			isa = XCVersionGroup;
			children = (
				E9C8467923E1A5D200359A93 /* PEPUP_iOS.xcdatamodel */,
			);
			currentVersion = E9C8467923E1A5D200359A93 /* PEPUP_iOS.xcdatamodel */;
			path = PEPUP_iOS.xcdatamodeld;
			sourceTree = "<group>";
			versionGroupType = wrapper.xcdatamodel;
		};
/* End XCVersionGroup section */
	};
	rootObject = E9C8466423E1A5D200359A93 /* Project object */;
}
